// !$*UTF8*$!
{
	archiveVersion = 1;
	classes = {
	};
	objectVersion = 42;
	objects = {

/* Begin PBXBuildFile section */
		7903131C1025F466001B1AEC /* HotKey.m in Sources */ = {isa = PBXBuildFile; fileRef = 7903131B1025F466001B1AEC /* HotKey.m */; };
		7903131D1025F466001B1AEC /* HotKey.m in Sources */ = {isa = PBXBuildFile; fileRef = 7903131B1025F466001B1AEC /* HotKey.m */; };
		790414E41021916200F9761A /* InfoPlist.strings in Resources */ = {isa = PBXBuildFile; fileRef = 089C165CFE840E0CC02AAC07 /* InfoPlist.strings */; };
		790414E51021916200F9761A /* appicon.icns in Resources */ = {isa = PBXBuildFile; fileRef = 7939A40B101F9F4400FEB7DA /* appicon.icns */; };
		790414E61021916200F9761A /* menubar.png in Resources */ = {isa = PBXBuildFile; fileRef = 79694EE7102029A500EF3D24 /* menubar.png */; };
		790414E71021916200F9761A /* menubar-hover.png in Resources */ = {isa = PBXBuildFile; fileRef = 79694F2210202DB100EF3D24 /* menubar-hover.png */; };
		790414E81021917500F9761A /* main.m in Sources */ = {isa = PBXBuildFile; fileRef = 29B97316FDCFA39411CA2CEA /* main.m */; };
		790414E91021917500F9761A /* TrayMenu.m in Sources */ = {isa = PBXBuildFile; fileRef = 79BD94DD101F107F0057A858 /* TrayMenu.m */; };
		790414EA1021917500F9761A /* PYMIDIEndpoint.m in Sources */ = {isa = PBXBuildFile; fileRef = 7939A451101FA07600FEB7DA /* PYMIDIEndpoint.m */; };
		790414EB1021917500F9761A /* PYMIDIEndpointDescriptor.m in Sources */ = {isa = PBXBuildFile; fileRef = 7939A453101FA07600FEB7DA /* PYMIDIEndpointDescriptor.m */; };
		790414EC1021917500F9761A /* PYMIDIEndpointSet.m in Sources */ = {isa = PBXBuildFile; fileRef = 7939A455101FA07600FEB7DA /* PYMIDIEndpointSet.m */; };
		790414ED1021917500F9761A /* PYMIDIManager.m in Sources */ = {isa = PBXBuildFile; fileRef = 7939A457101FA07600FEB7DA /* PYMIDIManager.m */; };
		790414EE1021917500F9761A /* PYMIDIRealDestination.m in Sources */ = {isa = PBXBuildFile; fileRef = 7939A459101FA07600FEB7DA /* PYMIDIRealDestination.m */; };
		790414EF1021917500F9761A /* PYMIDIRealEndpoint.m in Sources */ = {isa = PBXBuildFile; fileRef = 7939A45B101FA07600FEB7DA /* PYMIDIRealEndpoint.m */; };
		790414F01021917500F9761A /* PYMIDIRealSource.m in Sources */ = {isa = PBXBuildFile; fileRef = 7939A45D101FA07600FEB7DA /* PYMIDIRealSource.m */; };
		790414F11021917500F9761A /* PYMIDIUtils.m in Sources */ = {isa = PBXBuildFile; fileRef = 7939A45F101FA07600FEB7DA /* PYMIDIUtils.m */; };
		790414F21021917500F9761A /* PYMIDIVirtualDestination.m in Sources */ = {isa = PBXBuildFile; fileRef = 7939A461101FA07600FEB7DA /* PYMIDIVirtualDestination.m */; };
		790414F31021917500F9761A /* PYMIDIVirtualEndpoint.m in Sources */ = {isa = PBXBuildFile; fileRef = 7939A463101FA07600FEB7DA /* PYMIDIVirtualEndpoint.m */; };
		790414F41021917500F9761A /* PYMIDIVirtualSource.m in Sources */ = {isa = PBXBuildFile; fileRef = 7939A465101FA07600FEB7DA /* PYMIDIVirtualSource.m */; };
		790414F51021917500F9761A /* AppController.m in Sources */ = {isa = PBXBuildFile; fileRef = 7939A475101FA0CF00FEB7DA /* AppController.m */; };
		790415991021918500F9761A /* Cocoa.framework in Frameworks */ = {isa = PBXBuildFile; fileRef = 7939A444101FA02D00FEB7DA /* Cocoa.framework */; };
		7904159A1021918500F9761A /* CoreAudio.framework in Frameworks */ = {isa = PBXBuildFile; fileRef = 7939A445101FA02D00FEB7DA /* CoreAudio.framework */; };
		7904159B1021918500F9761A /* CoreMIDI.framework in Frameworks */ = {isa = PBXBuildFile; fileRef = 7939A446101FA02D00FEB7DA /* CoreMIDI.framework */; };
		790416B910219AC500F9761A /* Credits.html in Resources */ = {isa = PBXBuildFile; fileRef = 790416B810219AC500F9761A /* Credits.html */; };
		790416BA10219AC500F9761A /* Credits.html in Resources */ = {isa = PBXBuildFile; fileRef = 790416B810219AC500F9761A /* Credits.html */; };
		791C2C56102ADD69009F650C /* MIDIActions.plist in Resources */ = {isa = PBXBuildFile; fileRef = 791C2C55102ADD69009F650C /* MIDIActions.plist */; };
		791C2C57102ADD69009F650C /* MIDIActions.plist in Resources */ = {isa = PBXBuildFile; fileRef = 791C2C55102ADD69009F650C /* MIDIActions.plist */; };
		7939A40C101F9F4400FEB7DA /* appicon.icns in Resources */ = {isa = PBXBuildFile; fileRef = 7939A40B101F9F4400FEB7DA /* appicon.icns */; };
		7939A447101FA02D00FEB7DA /* Cocoa.framework in Frameworks */ = {isa = PBXBuildFile; fileRef = 7939A444101FA02D00FEB7DA /* Cocoa.framework */; };
		7939A448101FA02D00FEB7DA /* CoreAudio.framework in Frameworks */ = {isa = PBXBuildFile; fileRef = 7939A445101FA02D00FEB7DA /* CoreAudio.framework */; };
		7939A449101FA02D00FEB7DA /* CoreMIDI.framework in Frameworks */ = {isa = PBXBuildFile; fileRef = 7939A446101FA02D00FEB7DA /* CoreMIDI.framework */; };
		7939A466101FA07600FEB7DA /* PYMIDIEndpoint.m in Sources */ = {isa = PBXBuildFile; fileRef = 7939A451101FA07600FEB7DA /* PYMIDIEndpoint.m */; };
		7939A467101FA07600FEB7DA /* PYMIDIEndpointDescriptor.m in Sources */ = {isa = PBXBuildFile; fileRef = 7939A453101FA07600FEB7DA /* PYMIDIEndpointDescriptor.m */; };
		7939A468101FA07600FEB7DA /* PYMIDIEndpointSet.m in Sources */ = {isa = PBXBuildFile; fileRef = 7939A455101FA07600FEB7DA /* PYMIDIEndpointSet.m */; };
		7939A469101FA07600FEB7DA /* PYMIDIManager.m in Sources */ = {isa = PBXBuildFile; fileRef = 7939A457101FA07600FEB7DA /* PYMIDIManager.m */; };
		7939A46A101FA07600FEB7DA /* PYMIDIRealDestination.m in Sources */ = {isa = PBXBuildFile; fileRef = 7939A459101FA07600FEB7DA /* PYMIDIRealDestination.m */; };
		7939A46B101FA07600FEB7DA /* PYMIDIRealEndpoint.m in Sources */ = {isa = PBXBuildFile; fileRef = 7939A45B101FA07600FEB7DA /* PYMIDIRealEndpoint.m */; };
		7939A46C101FA07600FEB7DA /* PYMIDIRealSource.m in Sources */ = {isa = PBXBuildFile; fileRef = 7939A45D101FA07600FEB7DA /* PYMIDIRealSource.m */; };
		7939A46D101FA07600FEB7DA /* PYMIDIUtils.m in Sources */ = {isa = PBXBuildFile; fileRef = 7939A45F101FA07600FEB7DA /* PYMIDIUtils.m */; };
		7939A46E101FA07600FEB7DA /* PYMIDIVirtualDestination.m in Sources */ = {isa = PBXBuildFile; fileRef = 7939A461101FA07600FEB7DA /* PYMIDIVirtualDestination.m */; };
		7939A46F101FA07600FEB7DA /* PYMIDIVirtualEndpoint.m in Sources */ = {isa = PBXBuildFile; fileRef = 7939A463101FA07600FEB7DA /* PYMIDIVirtualEndpoint.m */; };
		7939A470101FA07600FEB7DA /* PYMIDIVirtualSource.m in Sources */ = {isa = PBXBuildFile; fileRef = 7939A465101FA07600FEB7DA /* PYMIDIVirtualSource.m */; };
		7939A476101FA0CF00FEB7DA /* AppController.m in Sources */ = {isa = PBXBuildFile; fileRef = 7939A475101FA0CF00FEB7DA /* AppController.m */; };
		794F69E7104956130000CCA9 /* HotKeyMomentary.m in Sources */ = {isa = PBXBuildFile; fileRef = 794F69E6104956130000CCA9 /* HotKeyMomentary.m */; };
		794F69E8104956130000CCA9 /* HotKeyMomentary.m in Sources */ = {isa = PBXBuildFile; fileRef = 794F69E6104956130000CCA9 /* HotKeyMomentary.m */; };
		795E91F01311425C00C13113 /* Carbon.framework in Frameworks */ = {isa = PBXBuildFile; fileRef = 795E91EF1311425C00C13113 /* Carbon.framework */; };
		79694EE8102029A500EF3D24 /* menubar.png in Resources */ = {isa = PBXBuildFile; fileRef = 79694EE7102029A500EF3D24 /* menubar.png */; };
		79694F2310202DB100EF3D24 /* menubar-hover.png in Resources */ = {isa = PBXBuildFile; fileRef = 79694F2210202DB100EF3D24 /* menubar-hover.png */; };
		79BD94DE101F107F0057A858 /* TrayMenu.m in Sources */ = {isa = PBXBuildFile; fileRef = 79BD94DD101F107F0057A858 /* TrayMenu.m */; };
		8D11072B0486CEB800E47090 /* InfoPlist.strings in Resources */ = {isa = PBXBuildFile; fileRef = 089C165CFE840E0CC02AAC07 /* InfoPlist.strings */; };
		8D11072D0486CEB800E47090 /* main.m in Sources */ = {isa = PBXBuildFile; fileRef = 29B97316FDCFA39411CA2CEA /* main.m */; settings = {ATTRIBUTES = (); }; };
/* End PBXBuildFile section */

/* Begin PBXFileReference section */
		089C165DFE840E0CC02AAC07 /* English */ = {isa = PBXFileReference; fileEncoding = 10; lastKnownFileType = text.plist.strings; name = English; path = English.lproj/InfoPlist.strings; sourceTree = "<group>"; };
		13E42FB307B3F0F600E4EEF1 /* CoreData.framework */ = {isa = PBXFileReference; lastKnownFileType = wrapper.framework; name = CoreData.framework; path = /System/Library/Frameworks/CoreData.framework; sourceTree = "<absolute>"; };
		29B97316FDCFA39411CA2CEA /* main.m */ = {isa = PBXFileReference; fileEncoding = 4; lastKnownFileType = sourcecode.c.objc; path = main.m; sourceTree = "<group>"; };
		29B97324FDCFA39411CA2CEA /* AppKit.framework */ = {isa = PBXFileReference; lastKnownFileType = wrapper.framework; name = AppKit.framework; path = /System/Library/Frameworks/AppKit.framework; sourceTree = "<absolute>"; };
		29B97325FDCFA39411CA2CEA /* Foundation.framework */ = {isa = PBXFileReference; lastKnownFileType = wrapper.framework; name = Foundation.framework; path = /System/Library/Frameworks/Foundation.framework; sourceTree = "<absolute>"; };
		32CA4F630368D1EE00C91783 /* Kimidi_Prefix.pch */ = {isa = PBXFileReference; fileEncoding = 4; lastKnownFileType = sourcecode.c.h; path = Kimidi_Prefix.pch; sourceTree = "<group>"; };
		7903131A1025F466001B1AEC /* HotKey.h */ = {isa = PBXFileReference; fileEncoding = 4; lastKnownFileType = sourcecode.c.h; path = HotKey.h; sourceTree = "<group>"; };
		7903131B1025F466001B1AEC /* HotKey.m */ = {isa = PBXFileReference; fileEncoding = 4; lastKnownFileType = sourcecode.c.objc; path = HotKey.m; sourceTree = "<group>"; };
		790414981021906D00F9761A /* Selected Track Control.app */ = {isa = PBXFileReference; explicitFileType = wrapper.application; includeInIndex = 0; path = "Selected Track Control.app"; sourceTree = BUILT_PRODUCTS_DIR; };
		7904149A1021906D00F9761A /* SelectedTrackControl-Info.plist */ = {isa = PBXFileReference; lastKnownFileType = text.plist.xml; path = "SelectedTrackControl-Info.plist"; sourceTree = "<group>"; };
		790416B810219AC500F9761A /* Credits.html */ = {isa = PBXFileReference; fileEncoding = 4; lastKnownFileType = text.html; path = Credits.html; sourceTree = "<group>"; };
		791C2C55102ADD69009F650C /* MIDIActions.plist */ = {isa = PBXFileReference; fileEncoding = 30; lastKnownFileType = text.plist.xml; path = MIDIActions.plist; sourceTree = "<group>"; };
		7939A40B101F9F4400FEB7DA /* appicon.icns */ = {isa = PBXFileReference; lastKnownFileType = image.icns; path = appicon.icns; sourceTree = "<group>"; };
		7939A444101FA02D00FEB7DA /* Cocoa.framework */ = {isa = PBXFileReference; lastKnownFileType = wrapper.framework; name = Cocoa.framework; path = SDKs/MacOSX10.4u.sdk/System/Library/Frameworks/Cocoa.framework; sourceTree = SYSTEM_DEVELOPER_DIR; };
		7939A445101FA02D00FEB7DA /* CoreAudio.framework */ = {isa = PBXFileReference; lastKnownFileType = wrapper.framework; name = CoreAudio.framework; path = SDKs/MacOSX10.4u.sdk/System/Library/Frameworks/CoreAudio.framework; sourceTree = SYSTEM_DEVELOPER_DIR; };
		7939A446101FA02D00FEB7DA /* CoreMIDI.framework */ = {isa = PBXFileReference; lastKnownFileType = wrapper.framework; name = CoreMIDI.framework; path = SDKs/MacOSX10.4u.sdk/System/Library/Frameworks/CoreMIDI.framework; sourceTree = SYSTEM_DEVELOPER_DIR; };
		7939A44F101FA07600FEB7DA /* PYMIDI.h */ = {isa = PBXFileReference; fileEncoding = 30; lastKnownFileType = sourcecode.c.h; path = PYMIDI.h; sourceTree = "<group>"; };
		7939A450101FA07600FEB7DA /* PYMIDIEndpoint.h */ = {isa = PBXFileReference; fileEncoding = 30; lastKnownFileType = sourcecode.c.h; path = PYMIDIEndpoint.h; sourceTree = "<group>"; };
		7939A451101FA07600FEB7DA /* PYMIDIEndpoint.m */ = {isa = PBXFileReference; fileEncoding = 30; lastKnownFileType = sourcecode.c.objc; path = PYMIDIEndpoint.m; sourceTree = "<group>"; };
		7939A452101FA07600FEB7DA /* PYMIDIEndpointDescriptor.h */ = {isa = PBXFileReference; fileEncoding = 30; lastKnownFileType = sourcecode.c.h; path = PYMIDIEndpointDescriptor.h; sourceTree = "<group>"; };
		7939A453101FA07600FEB7DA /* PYMIDIEndpointDescriptor.m */ = {isa = PBXFileReference; fileEncoding = 30; lastKnownFileType = sourcecode.c.objc; path = PYMIDIEndpointDescriptor.m; sourceTree = "<group>"; };
		7939A454101FA07600FEB7DA /* PYMIDIEndpointSet.h */ = {isa = PBXFileReference; fileEncoding = 30; lastKnownFileType = sourcecode.c.h; path = PYMIDIEndpointSet.h; sourceTree = "<group>"; };
		7939A455101FA07600FEB7DA /* PYMIDIEndpointSet.m */ = {isa = PBXFileReference; fileEncoding = 30; lastKnownFileType = sourcecode.c.objc; path = PYMIDIEndpointSet.m; sourceTree = "<group>"; };
		7939A456101FA07600FEB7DA /* PYMIDIManager.h */ = {isa = PBXFileReference; fileEncoding = 30; lastKnownFileType = sourcecode.c.h; path = PYMIDIManager.h; sourceTree = "<group>"; };
		7939A457101FA07600FEB7DA /* PYMIDIManager.m */ = {isa = PBXFileReference; fileEncoding = 30; lastKnownFileType = sourcecode.c.objc; path = PYMIDIManager.m; sourceTree = "<group>"; };
		7939A458101FA07600FEB7DA /* PYMIDIRealDestination.h */ = {isa = PBXFileReference; fileEncoding = 30; lastKnownFileType = sourcecode.c.h; path = PYMIDIRealDestination.h; sourceTree = "<group>"; };
		7939A459101FA07600FEB7DA /* PYMIDIRealDestination.m */ = {isa = PBXFileReference; fileEncoding = 30; lastKnownFileType = sourcecode.c.objc; path = PYMIDIRealDestination.m; sourceTree = "<group>"; };
		7939A45A101FA07600FEB7DA /* PYMIDIRealEndpoint.h */ = {isa = PBXFileReference; fileEncoding = 30; lastKnownFileType = sourcecode.c.h; path = PYMIDIRealEndpoint.h; sourceTree = "<group>"; };
		7939A45B101FA07600FEB7DA /* PYMIDIRealEndpoint.m */ = {isa = PBXFileReference; fileEncoding = 30; lastKnownFileType = sourcecode.c.objc; path = PYMIDIRealEndpoint.m; sourceTree = "<group>"; };
		7939A45C101FA07600FEB7DA /* PYMIDIRealSource.h */ = {isa = PBXFileReference; fileEncoding = 30; lastKnownFileType = sourcecode.c.h; path = PYMIDIRealSource.h; sourceTree = "<group>"; };
		7939A45D101FA07600FEB7DA /* PYMIDIRealSource.m */ = {isa = PBXFileReference; fileEncoding = 30; lastKnownFileType = sourcecode.c.objc; path = PYMIDIRealSource.m; sourceTree = "<group>"; };
		7939A45E101FA07600FEB7DA /* PYMIDIUtils.h */ = {isa = PBXFileReference; fileEncoding = 30; lastKnownFileType = sourcecode.c.h; path = PYMIDIUtils.h; sourceTree = "<group>"; };
		7939A45F101FA07600FEB7DA /* PYMIDIUtils.m */ = {isa = PBXFileReference; fileEncoding = 30; lastKnownFileType = sourcecode.c.objc; path = PYMIDIUtils.m; sourceTree = "<group>"; };
		7939A460101FA07600FEB7DA /* PYMIDIVirtualDestination.h */ = {isa = PBXFileReference; fileEncoding = 30; lastKnownFileType = sourcecode.c.h; path = PYMIDIVirtualDestination.h; sourceTree = "<group>"; };
		7939A461101FA07600FEB7DA /* PYMIDIVirtualDestination.m */ = {isa = PBXFileReference; fileEncoding = 30; lastKnownFileType = sourcecode.c.objc; path = PYMIDIVirtualDestination.m; sourceTree = "<group>"; };
		7939A462101FA07600FEB7DA /* PYMIDIVirtualEndpoint.h */ = {isa = PBXFileReference; fileEncoding = 30; lastKnownFileType = sourcecode.c.h; path = PYMIDIVirtualEndpoint.h; sourceTree = "<group>"; };
		7939A463101FA07600FEB7DA /* PYMIDIVirtualEndpoint.m */ = {isa = PBXFileReference; fileEncoding = 30; lastKnownFileType = sourcecode.c.objc; path = PYMIDIVirtualEndpoint.m; sourceTree = "<group>"; };
		7939A464101FA07600FEB7DA /* PYMIDIVirtualSource.h */ = {isa = PBXFileReference; fileEncoding = 30; lastKnownFileType = sourcecode.c.h; path = PYMIDIVirtualSource.h; sourceTree = "<group>"; };
		7939A465101FA07600FEB7DA /* PYMIDIVirtualSource.m */ = {isa = PBXFileReference; fileEncoding = 30; lastKnownFileType = sourcecode.c.objc; path = PYMIDIVirtualSource.m; sourceTree = "<group>"; };
		7939A474101FA0CF00FEB7DA /* AppController.h */ = {isa = PBXFileReference; fileEncoding = 4; lastKnownFileType = sourcecode.c.h; path = AppController.h; sourceTree = "<group>"; };
		7939A475101FA0CF00FEB7DA /* AppController.m */ = {isa = PBXFileReference; fileEncoding = 4; lastKnownFileType = sourcecode.c.objc; path = AppController.m; sourceTree = "<group>"; };
		794F69E5104956130000CCA9 /* HotKeyMomentary.h */ = {isa = PBXFileReference; fileEncoding = 4; lastKnownFileType = sourcecode.c.h; path = HotKeyMomentary.h; sourceTree = "<group>"; };
		794F69E6104956130000CCA9 /* HotKeyMomentary.m */ = {isa = PBXFileReference; fileEncoding = 4; lastKnownFileType = sourcecode.c.objc; path = HotKeyMomentary.m; sourceTree = "<group>"; };
		795E91C91311400D00C13113 /* Kimidi.app */ = {isa = PBXFileReference; explicitFileType = wrapper.application; includeInIndex = 0; path = Kimidi.app; sourceTree = BUILT_PRODUCTS_DIR; };
		795E91EF1311425C00C13113 /* Carbon.framework */ = {isa = PBXFileReference; lastKnownFileType = wrapper.framework; name = Carbon.framework; path = System/Library/Frameworks/Carbon.framework; sourceTree = SDKROOT; };
		79694EE7102029A500EF3D24 /* menubar.png */ = {isa = PBXFileReference; lastKnownFileType = image.png; path = menubar.png; sourceTree = "<group>"; };
		79694F2210202DB100EF3D24 /* menubar-hover.png */ = {isa = PBXFileReference; lastKnownFileType = image.png; path = "menubar-hover.png"; sourceTree = "<group>"; };
		79BD94DC101F107F0057A858 /* TrayMenu.h */ = {isa = PBXFileReference; fileEncoding = 4; lastKnownFileType = sourcecode.c.h; path = TrayMenu.h; sourceTree = "<group>"; };
		79BD94DD101F107F0057A858 /* TrayMenu.m */ = {isa = PBXFileReference; fileEncoding = 4; lastKnownFileType = sourcecode.c.objc; path = TrayMenu.m; sourceTree = "<group>"; };
		8D1107310486CEB800E47090 /* Info.plist */ = {isa = PBXFileReference; fileEncoding = 4; lastKnownFileType = text.plist; path = Info.plist; sourceTree = "<group>"; };
/* End PBXFileReference section */

/* Begin PBXFrameworksBuildPhase section */
		790414961021906D00F9761A /* Frameworks */ = {
			isa = PBXFrameworksBuildPhase;
			buildActionMask = 2147483647;
			files = (
				790415991021918500F9761A /* Cocoa.framework in Frameworks */,
				7904159A1021918500F9761A /* CoreAudio.framework in Frameworks */,
				7904159B1021918500F9761A /* CoreMIDI.framework in Frameworks */,
				795E91F01311425C00C13113 /* Carbon.framework in Frameworks */,
			);
			runOnlyForDeploymentPostprocessing = 0;
		};
		8D11072E0486CEB800E47090 /* Frameworks */ = {
			isa = PBXFrameworksBuildPhase;
			buildActionMask = 2147483647;
			files = (
				7939A447101FA02D00FEB7DA /* Cocoa.framework in Frameworks */,
				7939A448101FA02D00FEB7DA /* CoreAudio.framework in Frameworks */,
				7939A449101FA02D00FEB7DA /* CoreMIDI.framework in Frameworks */,
			);
			runOnlyForDeploymentPostprocessing = 0;
		};
/* End PBXFrameworksBuildPhase section */

/* Begin PBXGroup section */
		080E96DDFE201D6D7F000001 /* Classes */ = {
			isa = PBXGroup;
			children = (
				7939A474101FA0CF00FEB7DA /* AppController.h */,
				7939A475101FA0CF00FEB7DA /* AppController.m */,
				79BD94DC101F107F0057A858 /* TrayMenu.h */,
				79BD94DD101F107F0057A858 /* TrayMenu.m */,
				7903131A1025F466001B1AEC /* HotKey.h */,
				7903131B1025F466001B1AEC /* HotKey.m */,
				794F69E5104956130000CCA9 /* HotKeyMomentary.h */,
				794F69E6104956130000CCA9 /* HotKeyMomentary.m */,
			);
			name = Classes;
			sourceTree = "<group>";
		};
		1058C7A0FEA54F0111CA2CBB /* Linked Frameworks */ = {
			isa = PBXGroup;
			children = (
				7939A444101FA02D00FEB7DA /* Cocoa.framework */,
				7939A445101FA02D00FEB7DA /* CoreAudio.framework */,
				7939A446101FA02D00FEB7DA /* CoreMIDI.framework */,
				795E91EF1311425C00C13113 /* Carbon.framework */,
			);
			name = "Linked Frameworks";
			sourceTree = "<group>";
		};
		1058C7A2FEA54F0111CA2CBB /* Other Frameworks */ = {
			isa = PBXGroup;
			children = (
				29B97324FDCFA39411CA2CEA /* AppKit.framework */,
				13E42FB307B3F0F600E4EEF1 /* CoreData.framework */,
				29B97325FDCFA39411CA2CEA /* Foundation.framework */,
			);
			name = "Other Frameworks";
			sourceTree = "<group>";
		};
		19C28FACFE9D520D11CA2CBB /* Products */ = {
			isa = PBXGroup;
			children = (
				790414981021906D00F9761A /* Selected Track Control.app */,
				795E91C91311400D00C13113 /* Kimidi.app */,
			);
			name = Products;
			sourceTree = "<group>";
		};
		29B97314FDCFA39411CA2CEA /* Kimidi */ = {
			isa = PBXGroup;
			children = (
				080E96DDFE201D6D7F000001 /* Classes */,
				7939A44E101FA07600FEB7DA /* PYMIDI */,
				29B97315FDCFA39411CA2CEA /* Other Sources */,
				29B97317FDCFA39411CA2CEA /* Resources */,
				29B97323FDCFA39411CA2CEA /* Frameworks */,
				19C28FACFE9D520D11CA2CBB /* Products */,
				7904149A1021906D00F9761A /* SelectedTrackControl-Info.plist */,
			);
			name = Kimidi;
			sourceTree = "<group>";
		};
		29B97315FDCFA39411CA2CEA /* Other Sources */ = {
			isa = PBXGroup;
			children = (
				32CA4F630368D1EE00C91783 /* Kimidi_Prefix.pch */,
				29B97316FDCFA39411CA2CEA /* main.m */,
			);
			name = "Other Sources";
			sourceTree = "<group>";
		};
		29B97317FDCFA39411CA2CEA /* Resources */ = {
			isa = PBXGroup;
			children = (
				791C2C55102ADD69009F650C /* MIDIActions.plist */,
				79694F2210202DB100EF3D24 /* menubar-hover.png */,
				79694EE7102029A500EF3D24 /* menubar.png */,
				7939A40B101F9F4400FEB7DA /* appicon.icns */,
				8D1107310486CEB800E47090 /* Info.plist */,
				089C165CFE840E0CC02AAC07 /* InfoPlist.strings */,
				790416B810219AC500F9761A /* Credits.html */,
			);
			name = Resources;
			sourceTree = "<group>";
		};
		29B97323FDCFA39411CA2CEA /* Frameworks */ = {
			isa = PBXGroup;
			children = (
				1058C7A0FEA54F0111CA2CBB /* Linked Frameworks */,
				1058C7A2FEA54F0111CA2CBB /* Other Frameworks */,
			);
			name = Frameworks;
			sourceTree = "<group>";
		};
		7939A44E101FA07600FEB7DA /* PYMIDI */ = {
			isa = PBXGroup;
			children = (
				7939A44F101FA07600FEB7DA /* PYMIDI.h */,
				7939A450101FA07600FEB7DA /* PYMIDIEndpoint.h */,
				7939A451101FA07600FEB7DA /* PYMIDIEndpoint.m */,
				7939A452101FA07600FEB7DA /* PYMIDIEndpointDescriptor.h */,
				7939A453101FA07600FEB7DA /* PYMIDIEndpointDescriptor.m */,
				7939A454101FA07600FEB7DA /* PYMIDIEndpointSet.h */,
				7939A455101FA07600FEB7DA /* PYMIDIEndpointSet.m */,
				7939A456101FA07600FEB7DA /* PYMIDIManager.h */,
				7939A457101FA07600FEB7DA /* PYMIDIManager.m */,
				7939A458101FA07600FEB7DA /* PYMIDIRealDestination.h */,
				7939A459101FA07600FEB7DA /* PYMIDIRealDestination.m */,
				7939A45A101FA07600FEB7DA /* PYMIDIRealEndpoint.h */,
				7939A45B101FA07600FEB7DA /* PYMIDIRealEndpoint.m */,
				7939A45C101FA07600FEB7DA /* PYMIDIRealSource.h */,
				7939A45D101FA07600FEB7DA /* PYMIDIRealSource.m */,
				7939A45E101FA07600FEB7DA /* PYMIDIUtils.h */,
				7939A45F101FA07600FEB7DA /* PYMIDIUtils.m */,
				7939A460101FA07600FEB7DA /* PYMIDIVirtualDestination.h */,
				7939A461101FA07600FEB7DA /* PYMIDIVirtualDestination.m */,
				7939A462101FA07600FEB7DA /* PYMIDIVirtualEndpoint.h */,
				7939A463101FA07600FEB7DA /* PYMIDIVirtualEndpoint.m */,
				7939A464101FA07600FEB7DA /* PYMIDIVirtualSource.h */,
				7939A465101FA07600FEB7DA /* PYMIDIVirtualSource.m */,
			);
			path = PYMIDI;
			sourceTree = "<group>";
		};
/* End PBXGroup section */

/* Begin PBXNativeTarget section */
		790414971021906D00F9761A /* Selected Track Control */ = {
			isa = PBXNativeTarget;
			buildConfigurationList = 7904149B1021906E00F9761A /* Build configuration list for PBXNativeTarget "Selected Track Control" */;
			buildPhases = (
				790414941021906D00F9761A /* Resources */,
				790414951021906D00F9761A /* Sources */,
				790414961021906D00F9761A /* Frameworks */,
			);
			buildRules = (
			);
			dependencies = (
			);
			name = "Selected Track Control";
			productName = SelectedTrackControl;
			productReference = 790414981021906D00F9761A /* Selected Track Control.app */;
			productType = "com.apple.product-type.application";
		};
		8D1107260486CEB800E47090 /* Kimidi */ = {
			isa = PBXNativeTarget;
			buildConfigurationList = C01FCF4A08A954540054247B /* Build configuration list for PBXNativeTarget "Kimidi" */;
			buildPhases = (
				8D1107290486CEB800E47090 /* Resources */,
				8D11072C0486CEB800E47090 /* Sources */,
				8D11072E0486CEB800E47090 /* Frameworks */,
			);
			buildRules = (
			);
			dependencies = (
			);
			name = Kimidi;
			productInstallPath = "$(HOME)/Applications";
			productName = Kimidi;
			productReference = 795E91C91311400D00C13113 /* Kimidi.app */;
			productType = "com.apple.product-type.application";
		};
/* End PBXNativeTarget section */

/* Begin PBXProject section */
		29B97313FDCFA39411CA2CEA /* Project object */ = {
			isa = PBXProject;
			buildConfigurationList = C01FCF4E08A954540054247B /* Build configuration list for PBXProject "Kimidi" */;
			compatibilityVersion = "Xcode 2.4";
			developmentRegion = English;
			hasScannedForEncodings = 1;
			knownRegions = (
				English,
				Japanese,
				French,
				German,
			);
			mainGroup = 29B97314FDCFA39411CA2CEA /* Kimidi */;
			projectDirPath = "";
			projectRoot = "";
			targets = (
				8D1107260486CEB800E47090 /* Kimidi */,
				790414971021906D00F9761A /* Selected Track Control */,
			);
		};
/* End PBXProject section */

/* Begin PBXResourcesBuildPhase section */
		790414941021906D00F9761A /* Resources */ = {
			isa = PBXResourcesBuildPhase;
			buildActionMask = 2147483647;
			files = (
				790414E41021916200F9761A /* InfoPlist.strings in Resources */,
				790414E51021916200F9761A /* appicon.icns in Resources */,
				790414E61021916200F9761A /* menubar.png in Resources */,
				790414E71021916200F9761A /* menubar-hover.png in Resources */,
				790416BA10219AC500F9761A /* Credits.html in Resources */,
				791C2C56102ADD69009F650C /* MIDIActions.plist in Resources */,
			);
			runOnlyForDeploymentPostprocessing = 0;
		};
		8D1107290486CEB800E47090 /* Resources */ = {
			isa = PBXResourcesBuildPhase;
			buildActionMask = 2147483647;
			files = (
				8D11072B0486CEB800E47090 /* InfoPlist.strings in Resources */,
				7939A40C101F9F4400FEB7DA /* appicon.icns in Resources */,
				79694EE8102029A500EF3D24 /* menubar.png in Resources */,
				79694F2310202DB100EF3D24 /* menubar-hover.png in Resources */,
				790416B910219AC500F9761A /* Credits.html in Resources */,
				791C2C57102ADD69009F650C /* MIDIActions.plist in Resources */,
			);
			runOnlyForDeploymentPostprocessing = 0;
		};
/* End PBXResourcesBuildPhase section */

/* Begin PBXSourcesBuildPhase section */
		790414951021906D00F9761A /* Sources */ = {
			isa = PBXSourcesBuildPhase;
			buildActionMask = 2147483647;
			files = (
				790414E81021917500F9761A /* main.m in Sources */,
				790414E91021917500F9761A /* TrayMenu.m in Sources */,
				790414EA1021917500F9761A /* PYMIDIEndpoint.m in Sources */,
				790414EB1021917500F9761A /* PYMIDIEndpointDescriptor.m in Sources */,
				790414EC1021917500F9761A /* PYMIDIEndpointSet.m in Sources */,
				790414ED1021917500F9761A /* PYMIDIManager.m in Sources */,
				790414EE1021917500F9761A /* PYMIDIRealDestination.m in Sources */,
				790414EF1021917500F9761A /* PYMIDIRealEndpoint.m in Sources */,
				790414F01021917500F9761A /* PYMIDIRealSource.m in Sources */,
				790414F11021917500F9761A /* PYMIDIUtils.m in Sources */,
				790414F21021917500F9761A /* PYMIDIVirtualDestination.m in Sources */,
				790414F31021917500F9761A /* PYMIDIVirtualEndpoint.m in Sources */,
				790414F41021917500F9761A /* PYMIDIVirtualSource.m in Sources */,
				790414F51021917500F9761A /* AppController.m in Sources */,
				7903131C1025F466001B1AEC /* HotKey.m in Sources */,
				794F69E8104956130000CCA9 /* HotKeyMomentary.m in Sources */,
			);
			runOnlyForDeploymentPostprocessing = 0;
		};
		8D11072C0486CEB800E47090 /* Sources */ = {
			isa = PBXSourcesBuildPhase;
			buildActionMask = 2147483647;
			files = (
				8D11072D0486CEB800E47090 /* main.m in Sources */,
				79BD94DE101F107F0057A858 /* TrayMenu.m in Sources */,
				7939A466101FA07600FEB7DA /* PYMIDIEndpoint.m in Sources */,
				7939A467101FA07600FEB7DA /* PYMIDIEndpointDescriptor.m in Sources */,
				7939A468101FA07600FEB7DA /* PYMIDIEndpointSet.m in Sources */,
				7939A469101FA07600FEB7DA /* PYMIDIManager.m in Sources */,
				7939A46A101FA07600FEB7DA /* PYMIDIRealDestination.m in Sources */,
				7939A46B101FA07600FEB7DA /* PYMIDIRealEndpoint.m in Sources */,
				7939A46C101FA07600FEB7DA /* PYMIDIRealSource.m in Sources */,
				7939A46D101FA07600FEB7DA /* PYMIDIUtils.m in Sources */,
				7939A46E101FA07600FEB7DA /* PYMIDIVirtualDestination.m in Sources */,
				7939A46F101FA07600FEB7DA /* PYMIDIVirtualEndpoint.m in Sources */,
				7939A470101FA07600FEB7DA /* PYMIDIVirtualSource.m in Sources */,
				7939A476101FA0CF00FEB7DA /* AppController.m in Sources */,
				7903131D1025F466001B1AEC /* HotKey.m in Sources */,
				794F69E7104956130000CCA9 /* HotKeyMomentary.m in Sources */,
			);
			runOnlyForDeploymentPostprocessing = 0;
		};
/* End PBXSourcesBuildPhase section */

/* Begin PBXVariantGroup section */
		089C165CFE840E0CC02AAC07 /* InfoPlist.strings */ = {
			isa = PBXVariantGroup;
			children = (
				089C165DFE840E0CC02AAC07 /* English */,
			);
			name = InfoPlist.strings;
			sourceTree = "<group>";
		};
/* End PBXVariantGroup section */

/* Begin XCBuildConfiguration section */
		7904149C1021906E00F9761A /* Debug */ = {
			isa = XCBuildConfiguration;
			buildSettings = {
				COPY_PHASE_STRIP = NO;
				FRAMEWORK_SEARCH_PATHS = (
					"$(inherited)",
					"$(FRAMEWORK_SEARCH_PATHS_QUOTED_FOR_TARGET_1)",
					"$(FRAMEWORK_SEARCH_PATHS_QUOTED_FOR_TARGET_2)",
				);
				FRAMEWORK_SEARCH_PATHS_QUOTED_FOR_TARGET_1 = "\"$(DEVELOPER_DIR)/SDKs/MacOSX10.4u.sdk/System/Library/Frameworks\"";
				FRAMEWORK_SEARCH_PATHS_QUOTED_FOR_TARGET_2 = "\"$(DEVELOPER_DIR)/SDKs/MacOSX10.4u.sdk/System/Library/Frameworks\"";
				GCC_DYNAMIC_NO_PIC = NO;
				GCC_ENABLE_FIX_AND_CONTINUE = YES;
				GCC_GENERATE_DEBUGGING_SYMBOLS = YES;
				GCC_MODEL_TUNING = G5;
				GCC_OPTIMIZATION_LEVEL = 0;
				GCC_PRECOMPILE_PREFIX_HEADER = YES;
				GCC_PREFIX_HEADER = "$(SYSTEM_LIBRARY_DIR)/Frameworks/AppKit.framework/Headers/AppKit.h";
				INFOPLIST_FILE = "SelectedTrackControl-Info.plist";
				INSTALL_PATH = "$(HOME)/Applications";
				OTHER_LDFLAGS = (
					"-framework",
					Foundation,
					"-framework",
					AppKit,
				);
				PREBINDING = NO;
				PRODUCT_NAME = "Selected Track Control";
				WRAPPER_EXTENSION = app;
				ZERO_LINK = YES;
			};
			name = Debug;
		};
		7904149D1021906E00F9761A /* Release */ = {
			isa = XCBuildConfiguration;
			buildSettings = {
				ARCHS = (
					ppc,
					i386,
				);
				COPY_PHASE_STRIP = YES;
				FRAMEWORK_SEARCH_PATHS = (
					"$(inherited)",
					"$(FRAMEWORK_SEARCH_PATHS_QUOTED_FOR_TARGET_1)",
					"$(FRAMEWORK_SEARCH_PATHS_QUOTED_FOR_TARGET_2)",
				);
				FRAMEWORK_SEARCH_PATHS_QUOTED_FOR_TARGET_1 = "\"$(DEVELOPER_DIR)/SDKs/MacOSX10.4u.sdk/System/Library/Frameworks\"";
				FRAMEWORK_SEARCH_PATHS_QUOTED_FOR_TARGET_2 = "\"$(DEVELOPER_DIR)/SDKs/MacOSX10.4u.sdk/System/Library/Frameworks\"";
				GCC_ENABLE_FIX_AND_CONTINUE = NO;
				GCC_GENERATE_DEBUGGING_SYMBOLS = NO;
				GCC_MODEL_TUNING = G5;
				GCC_PRECOMPILE_PREFIX_HEADER = YES;
				GCC_PREFIX_HEADER = "$(SYSTEM_LIBRARY_DIR)/Frameworks/AppKit.framework/Headers/AppKit.h";
				INFOPLIST_FILE = "SelectedTrackControl-Info.plist";
				INSTALL_PATH = "$(HOME)/Applications";
				OTHER_LDFLAGS = (
					"-framework",
					Foundation,
					"-framework",
					AppKit,
				);
				PREBINDING = NO;
				PRODUCT_NAME = "Selected Track Control";
				WRAPPER_EXTENSION = app;
				ZERO_LINK = NO;
			};
			name = Release;
		};
		C01FCF4B08A954540054247B /* Debug */ = {
			isa = XCBuildConfiguration;
			buildSettings = {
				COPY_PHASE_STRIP = NO;
				FRAMEWORK_SEARCH_PATHS = (
					"$(inherited)",
					"$(FRAMEWORK_SEARCH_PATHS_QUOTED_FOR_TARGET_1)",
					"$(FRAMEWORK_SEARCH_PATHS_QUOTED_FOR_TARGET_2)",
				);
				FRAMEWORK_SEARCH_PATHS_QUOTED_FOR_TARGET_1 = "\"$(DEVELOPER_DIR)/SDKs/MacOSX10.4u.sdk/System/Library/Frameworks\"";
				FRAMEWORK_SEARCH_PATHS_QUOTED_FOR_TARGET_2 = "\"$(DEVELOPER_DIR)/SDKs/MacOSX10.4u.sdk/System/Library/Frameworks\"";
				GCC_DYNAMIC_NO_PIC = NO;
				GCC_ENABLE_FIX_AND_CONTINUE = YES;
				GCC_MODEL_TUNING = G5;
				GCC_OPTIMIZATION_LEVEL = 0;
				INFOPLIST_FILE = Info.plist;
				INSTALL_PATH = "$(HOME)/Applications";
				PRODUCT_NAME = Kimidi;
				WRAPPER_EXTENSION = app;
				ZERO_LINK = YES;
			};
			name = Debug;
		};
		C01FCF4C08A954540054247B /* Release */ = {
			isa = XCBuildConfiguration;
			buildSettings = {
				ARCHS = (
					ppc,
					i386,
				);
				FRAMEWORK_SEARCH_PATHS = (
					"$(inherited)",
					"$(FRAMEWORK_SEARCH_PATHS_QUOTED_FOR_TARGET_1)",
					"$(FRAMEWORK_SEARCH_PATHS_QUOTED_FOR_TARGET_2)",
				);
				FRAMEWORK_SEARCH_PATHS_QUOTED_FOR_TARGET_1 = "\"$(DEVELOPER_DIR)/SDKs/MacOSX10.4u.sdk/System/Library/Frameworks\"";
				FRAMEWORK_SEARCH_PATHS_QUOTED_FOR_TARGET_2 = "\"$(DEVELOPER_DIR)/SDKs/MacOSX10.4u.sdk/System/Library/Frameworks\"";
				GCC_GENERATE_DEBUGGING_SYMBOLS = NO;
				GCC_MODEL_TUNING = G5;
				INFOPLIST_FILE = Info.plist;
				INSTALL_PATH = "$(HOME)/Applications";
				PRODUCT_NAME = Kimidi;
				WRAPPER_EXTENSION = app;
			};
			name = Release;
		};
		C01FCF4F08A954540054247B /* Debug */ = {
			isa = XCBuildConfiguration;
			buildSettings = {
				GCC_VERSION = 4.0;
				GCC_WARN_ABOUT_RETURN_TYPE = YES;
				GCC_WARN_UNUSED_VARIABLE = YES;
				PREBINDING = NO;
				SDKROOT = /Developer/SDKs/MacOSX10.4u.sdk;
				USER_HEADER_SEARCH_PATHS = .;
			};
			name = Debug;
		};
		C01FCF5008A954540054247B /* Release */ = {
			isa = XCBuildConfiguration;
			buildSettings = {
				GCC_WARN_ABOUT_RETURN_TYPE = YES;
				GCC_WARN_UNUSED_VARIABLE = YES;
				PREBINDING = NO;
				SDKROOT = /Developer/SDKs/MacOSX10.4u.sdk;
				USER_HEADER_SEARCH_PATHS = .;
			};
			name = Release;
		};
/* End XCBuildConfiguration section */

/* Begin XCConfigurationList section */
		7904149B1021906E00F9761A /* Build configuration list for PBXNativeTarget "Selected Track Control" */ = {
			isa = XCConfigurationList;
			buildConfigurations = (
				7904149C1021906E00F9761A /* Debug */,
				7904149D1021906E00F9761A /* Release */,
			);
			defaultConfigurationIsVisible = 0;
			defaultConfigurationName = Release;
		};
		C01FCF4A08A954540054247B /* Build configuration list for PBXNativeTarget "Kimidi" */ = {
			isa = XCConfigurationList;
			buildConfigurations = (
				C01FCF4B08A954540054247B /* Debug */,
				C01FCF4C08A954540054247B /* Release */,
			);
			defaultConfigurationIsVisible = 0;
			defaultConfigurationName = Release;
		};
		C01FCF4E08A954540054247B /* Build configuration list for PBXProject "Kimidi" */ = {
			isa = XCConfigurationList;
			buildConfigurations = (
				C01FCF4F08A954540054247B /* Debug */,
				C01FCF5008A954540054247B /* Release */,
			);
			defaultConfigurationIsVisible = 0;
			defaultConfigurationName = Release;
		};
/* End XCConfigurationList section */
	};
	rootObject = 29B97313FDCFA39411CA2CEA /* Project object */;
}
